// !$*UTF8*$!
{
	archiveVersion = 1;
	classes = {
	};
	objectVersion = 50;
	objects = {

/* Begin PBXBuildFile section */
		AA2DB6E12584424800236188 /* YardRemoteApp.swift in Sources */ = {isa = PBXBuildFile; fileRef = AA2DB6E02584424800236188 /* YardRemoteApp.swift */; };
		AA2DB6E32584424800236188 /* ContentView.swift in Sources */ = {isa = PBXBuildFile; fileRef = AA2DB6E22584424800236188 /* ContentView.swift */; };
		AA2DB6E52584424900236188 /* Assets.xcassets in Resources */ = {isa = PBXBuildFile; fileRef = AA2DB6E42584424900236188 /* Assets.xcassets */; };
		AA2DB6E82584424900236188 /* Preview Assets.xcassets in Resources */ = {isa = PBXBuildFile; fileRef = AA2DB6E72584424900236188 /* Preview Assets.xcassets */; };
		AA2DB6F32584424A00236188 /* YardRemoteTests.swift in Sources */ = {isa = PBXBuildFile; fileRef = AA2DB6F22584424A00236188 /* YardRemoteTests.swift */; };
		AA2DB6FE2584424A00236188 /* YardRemoteUITests.swift in Sources */ = {isa = PBXBuildFile; fileRef = AA2DB6FD2584424A00236188 /* YardRemoteUITests.swift */; };
/* End PBXBuildFile section */

/* Begin PBXContainerItemProxy section */
		AA2DB6EF2584424A00236188 /* PBXContainerItemProxy */ = {
			isa = PBXContainerItemProxy;
			containerPortal = AA2DB6D52584424700236188 /* Project object */;
			proxyType = 1;
			remoteGlobalIDString = AA2DB6DC2584424700236188;
			remoteInfo = YardRemote;
		};
		AA2DB6FA2584424A00236188 /* PBXContainerItemProxy */ = {
			isa = PBXContainerItemProxy;
			containerPortal = AA2DB6D52584424700236188 /* Project object */;
			proxyType = 1;
			remoteGlobalIDString = AA2DB6DC2584424700236188;
			remoteInfo = YardRemote;
		};
/* End PBXContainerItemProxy section */

/* Begin PBXFileReference section */
		AA2DB6DD2584424700236188 /* YardRemote.app */ = {isa = PBXFileReference; explicitFileType = wrapper.application; includeInIndex = 0; path = YardRemote.app; sourceTree = BUILT_PRODUCTS_DIR; };
		AA2DB6E02584424800236188 /* YardRemoteApp.swift */ = {isa = PBXFileReference; lastKnownFileType = sourcecode.swift; path = YardRemoteApp.swift; sourceTree = "<group>"; };
		AA2DB6E22584424800236188 /* ContentView.swift */ = {isa = PBXFileReference; lastKnownFileType = sourcecode.swift; path = ContentView.swift; sourceTree = "<group>"; };
		AA2DB6E42584424900236188 /* Assets.xcassets */ = {isa = PBXFileReference; lastKnownFileType = folder.assetcatalog; path = Assets.xcassets; sourceTree = "<group>"; };
		AA2DB6E72584424900236188 /* Preview Assets.xcassets */ = {isa = PBXFileReference; lastKnownFileType = folder.assetcatalog; path = "Preview Assets.xcassets"; sourceTree = "<group>"; };
		AA2DB6E92584424900236188 /* Info.plist */ = {isa = PBXFileReference; lastKnownFileType = text.plist.xml; path = Info.plist; sourceTree = "<group>"; };
		AA2DB6EE2584424A00236188 /* YardRemoteTests.xctest */ = {isa = PBXFileReference; explicitFileType = wrapper.cfbundle; includeInIndex = 0; path = YardRemoteTests.xctest; sourceTree = BUILT_PRODUCTS_DIR; };
		AA2DB6F22584424A00236188 /* YardRemoteTests.swift */ = {isa = PBXFileReference; lastKnownFileType = sourcecode.swift; path = YardRemoteTests.swift; sourceTree = "<group>"; };
		AA2DB6F42584424A00236188 /* Info.plist */ = {isa = PBXFileReference; lastKnownFileType = text.plist.xml; path = Info.plist; sourceTree = "<group>"; };
		AA2DB6F92584424A00236188 /* YardRemoteUITests.xctest */ = {isa = PBXFileReference; explicitFileType = wrapper.cfbundle; includeInIndex = 0; path = YardRemoteUITests.xctest; sourceTree = BUILT_PRODUCTS_DIR; };
		AA2DB6FD2584424A00236188 /* YardRemoteUITests.swift */ = {isa = PBXFileReference; lastKnownFileType = sourcecode.swift; path = YardRemoteUITests.swift; sourceTree = "<group>"; };
		AA2DB6FF2584424A00236188 /* Info.plist */ = {isa = PBXFileReference; lastKnownFileType = text.plist.xml; path = Info.plist; sourceTree = "<group>"; };
/* End PBXFileReference section */

/* Begin PBXFrameworksBuildPhase section */
		AA2DB6DA2584424700236188 /* Frameworks */ = {
			isa = PBXFrameworksBuildPhase;
			buildActionMask = 2147483647;
			files = (
			);
			runOnlyForDeploymentPostprocessing = 0;
		};
		AA2DB6EB2584424A00236188 /* Frameworks */ = {
			isa = PBXFrameworksBuildPhase;
			buildActionMask = 2147483647;
			files = (
			);
			runOnlyForDeploymentPostprocessing = 0;
		};
		AA2DB6F62584424A00236188 /* Frameworks */ = {
			isa = PBXFrameworksBuildPhase;
			buildActionMask = 2147483647;
			files = (
			);
			runOnlyForDeploymentPostprocessing = 0;
		};
/* End PBXFrameworksBuildPhase section */

/* Begin PBXGroup section */
		AA2DB6D42584424700236188 = {
			isa = PBXGroup;
			children = (
				AA2DB6DF2584424800236188 /* YardRemote */,
				AA2DB6F12584424A00236188 /* YardRemoteTests */,
				AA2DB6FC2584424A00236188 /* YardRemoteUITests */,
				AA2DB6DE2584424700236188 /* Products */,
			);
			sourceTree = "<group>";
		};
		AA2DB6DE2584424700236188 /* Products */ = {
			isa = PBXGroup;
			children = (
				AA2DB6DD2584424700236188 /* YardRemote.app */,
				AA2DB6EE2584424A00236188 /* YardRemoteTests.xctest */,
				AA2DB6F92584424A00236188 /* YardRemoteUITests.xctest */,
			);
			name = Products;
			sourceTree = "<group>";
		};
		AA2DB6DF2584424800236188 /* YardRemote */ = {
			isa = PBXGroup;
			children = (
				AA2DB6E02584424800236188 /* YardRemoteApp.swift */,
				AA2DB6E22584424800236188 /* ContentView.swift */,
				AA2DB6E42584424900236188 /* Assets.xcassets */,
				AA2DB6E92584424900236188 /* Info.plist */,
				AA2DB6E62584424900236188 /* Preview Content */,
			);
			path = YardRemote;
			sourceTree = "<group>";
		};
		AA2DB6E62584424900236188 /* Preview Content */ = {
			isa = PBXGroup;
			children = (
				AA2DB6E72584424900236188 /* Preview Assets.xcassets */,
			);
			path = "Preview Content";
			sourceTree = "<group>";
		};
		AA2DB6F12584424A00236188 /* YardRemoteTests */ = {
			isa = PBXGroup;
			children = (
				AA2DB6F22584424A00236188 /* YardRemoteTests.swift */,
				AA2DB6F42584424A00236188 /* Info.plist */,
			);
			path = YardRemoteTests;
			sourceTree = "<group>";
		};
		AA2DB6FC2584424A00236188 /* YardRemoteUITests */ = {
			isa = PBXGroup;
			children = (
				AA2DB6FD2584424A00236188 /* YardRemoteUITests.swift */,
				AA2DB6FF2584424A00236188 /* Info.plist */,
			);
			path = YardRemoteUITests;
			sourceTree = "<group>";
		};
/* End PBXGroup section */

/* Begin PBXNativeTarget section */
		AA2DB6DC2584424700236188 /* YardRemote */ = {
			isa = PBXNativeTarget;
			buildConfigurationList = AA2DB7022584424A00236188 /* Build configuration list for PBXNativeTarget "YardRemote" */;
			buildPhases = (
				AA2DB6D92584424700236188 /* Sources */,
				AA2DB6DA2584424700236188 /* Frameworks */,
				AA2DB6DB2584424700236188 /* Resources */,
			);
			buildRules = (
			);
			dependencies = (
			);
			name = YardRemote;
			productName = YardRemote;
			productReference = AA2DB6DD2584424700236188 /* YardRemote.app */;
			productType = "com.apple.product-type.application";
		};
		AA2DB6ED2584424A00236188 /* YardRemoteTests */ = {
			isa = PBXNativeTarget;
			buildConfigurationList = AA2DB7052584424A00236188 /* Build configuration list for PBXNativeTarget "YardRemoteTests" */;
			buildPhases = (
				AA2DB6EA2584424A00236188 /* Sources */,
				AA2DB6EB2584424A00236188 /* Frameworks */,
				AA2DB6EC2584424A00236188 /* Resources */,
			);
			buildRules = (
			);
			dependencies = (
				AA2DB6F02584424A00236188 /* PBXTargetDependency */,
			);
			name = YardRemoteTests;
			productName = YardRemoteTests;
			productReference = AA2DB6EE2584424A00236188 /* YardRemoteTests.xctest */;
			productType = "com.apple.product-type.bundle.unit-test";
		};
		AA2DB6F82584424A00236188 /* YardRemoteUITests */ = {
			isa = PBXNativeTarget;
			buildConfigurationList = AA2DB7082584424A00236188 /* Build configuration list for PBXNativeTarget "YardRemoteUITests" */;
			buildPhases = (
				AA2DB6F52584424A00236188 /* Sources */,
				AA2DB6F62584424A00236188 /* Frameworks */,
				AA2DB6F72584424A00236188 /* Resources */,
			);
			buildRules = (
			);
			dependencies = (
				AA2DB6FB2584424A00236188 /* PBXTargetDependency */,
			);
			name = YardRemoteUITests;
			productName = YardRemoteUITests;
			productReference = AA2DB6F92584424A00236188 /* YardRemoteUITests.xctest */;
			productType = "com.apple.product-type.bundle.ui-testing";
		};
/* End PBXNativeTarget section */

/* Begin PBXProject section */
		AA2DB6D52584424700236188 /* Project object */ = {
			isa = PBXProject;
			attributes = {
				LastSwiftUpdateCheck = 1230;
				LastUpgradeCheck = 1230;
				TargetAttributes = {
					AA2DB6DC2584424700236188 = {
						CreatedOnToolsVersion = 12.3;
					};
					AA2DB6ED2584424A00236188 = {
						CreatedOnToolsVersion = 12.3;
						TestTargetID = AA2DB6DC2584424700236188;
					};
					AA2DB6F82584424A00236188 = {
						CreatedOnToolsVersion = 12.3;
						TestTargetID = AA2DB6DC2584424700236188;
					};
				};
			};
			buildConfigurationList = AA2DB6D82584424700236188 /* Build configuration list for PBXProject "YardRemote" */;
			compatibilityVersion = "Xcode 9.3";
			developmentRegion = en;
			hasScannedForEncodings = 0;
			knownRegions = (
				en,
				Base,
			);
			mainGroup = AA2DB6D42584424700236188;
			productRefGroup = AA2DB6DE2584424700236188 /* Products */;
			projectDirPath = "";
			projectRoot = "";
			targets = (
				AA2DB6DC2584424700236188 /* YardRemote */,
				AA2DB6ED2584424A00236188 /* YardRemoteTests */,
				AA2DB6F82584424A00236188 /* YardRemoteUITests */,
			);
		};
/* End PBXProject section */

/* Begin PBXResourcesBuildPhase section */
		AA2DB6DB2584424700236188 /* Resources */ = {
			isa = PBXResourcesBuildPhase;
			buildActionMask = 2147483647;
			files = (
				AA2DB6E82584424900236188 /* Preview Assets.xcassets in Resources */,
				AA2DB6E52584424900236188 /* Assets.xcassets in Resources */,
			);
			runOnlyForDeploymentPostprocessing = 0;
		};
		AA2DB6EC2584424A00236188 /* Resources */ = {
			isa = PBXResourcesBuildPhase;
			buildActionMask = 2147483647;
			files = (
			);
			runOnlyForDeploymentPostprocessing = 0;
		};
		AA2DB6F72584424A00236188 /* Resources */ = {
			isa = PBXResourcesBuildPhase;
			buildActionMask = 2147483647;
			files = (
			);
			runOnlyForDeploymentPostprocessing = 0;
		};
/* End PBXResourcesBuildPhase section */

/* Begin PBXSourcesBuildPhase section */
		AA2DB6D92584424700236188 /* Sources */ = {
			isa = PBXSourcesBuildPhase;
			buildActionMask = 2147483647;
			files = (
				AA2DB6E32584424800236188 /* ContentView.swift in Sources */,
				AA2DB6E12584424800236188 /* YardRemoteApp.swift in Sources */,
			);
			runOnlyForDeploymentPostprocessing = 0;
		};
		AA2DB6EA2584424A00236188 /* Sources */ = {
			isa = PBXSourcesBuildPhase;
			buildActionMask = 2147483647;
			files = (
				AA2DB6F32584424A00236188 /* YardRemoteTests.swift in Sources */,
			);
			runOnlyForDeploymentPostprocessing = 0;
		};
		AA2DB6F52584424A00236188 /* Sources */ = {
			isa = PBXSourcesBuildPhase;
			buildActionMask = 2147483647;
			files = (
				AA2DB6FE2584424A00236188 /* YardRemoteUITests.swift in Sources */,
			);
			runOnlyForDeploymentPostprocessing = 0;
		};
/* End PBXSourcesBuildPhase section */

/* Begin PBXTargetDependency section */
		AA2DB6F02584424A00236188 /* PBXTargetDependency */ = {
			isa = PBXTargetDependency;
			target = AA2DB6DC2584424700236188 /* YardRemote */;
			targetProxy = AA2DB6EF2584424A00236188 /* PBXContainerItemProxy */;
		};
		AA2DB6FB2584424A00236188 /* PBXTargetDependency */ = {
			isa = PBXTargetDependency;
			target = AA2DB6DC2584424700236188 /* YardRemote */;
			targetProxy = AA2DB6FA2584424A00236188 /* PBXContainerItemProxy */;
		};
/* End PBXTargetDependency section */

/* Begin XCBuildConfiguration section */
		AA2DB7002584424A00236188 /* Debug */ = {
			isa = XCBuildConfiguration;
			buildSettings = {
				ALWAYS_SEARCH_USER_PATHS = NO;
				CLANG_ANALYZER_NONNULL = YES;
				CLANG_ANALYZER_NUMBER_OBJECT_CONVERSION = YES_AGGRESSIVE;
				CLANG_CXX_LANGUAGE_STANDARD = "gnu++14";
				CLANG_CXX_LIBRARY = "libc++";
				CLANG_ENABLE_MODULES = YES;
				CLANG_ENABLE_OBJC_ARC = YES;
				CLANG_ENABLE_OBJC_WEAK = YES;
				CLANG_WARN_BLOCK_CAPTURE_AUTORELEASING = YES;
				CLANG_WARN_BOOL_CONVERSION = YES;
				CLANG_WARN_COMMA = YES;
				CLANG_WARN_CONSTANT_CONVERSION = YES;
				CLANG_WARN_DEPRECATED_OBJC_IMPLEMENTATIONS = YES;
				CLANG_WARN_DIRECT_OBJC_ISA_USAGE = YES_ERROR;
				CLANG_WARN_DOCUMENTATION_COMMENTS = YES;
				CLANG_WARN_EMPTY_BODY = YES;
				CLANG_WARN_ENUM_CONVERSION = YES;
				CLANG_WARN_INFINITE_RECURSION = YES;
				CLANG_WARN_INT_CONVERSION = YES;
				CLANG_WARN_NON_LITERAL_NULL_CONVERSION = YES;
				CLANG_WARN_OBJC_IMPLICIT_RETAIN_SELF = YES;
				CLANG_WARN_OBJC_LITERAL_CONVERSION = YES;
				CLANG_WARN_OBJC_ROOT_CLASS = YES_ERROR;
				CLANG_WARN_QUOTED_INCLUDE_IN_FRAMEWORK_HEADER = YES;
				CLANG_WARN_RANGE_LOOP_ANALYSIS = YES;
				CLANG_WARN_STRICT_PROTOTYPES = YES;
				CLANG_WARN_SUSPICIOUS_MOVE = YES;
				CLANG_WARN_UNGUARDED_AVAILABILITY = YES_AGGRESSIVE;
				CLANG_WARN_UNREACHABLE_CODE = YES;
				CLANG_WARN__DUPLICATE_METHOD_MATCH = YES;
				COPY_PHASE_STRIP = NO;
				DEBUG_INFORMATION_FORMAT = dwarf;
				ENABLE_STRICT_OBJC_MSGSEND = YES;
				ENABLE_TESTABILITY = YES;
				GCC_C_LANGUAGE_STANDARD = gnu11;
				GCC_DYNAMIC_NO_PIC = NO;
				GCC_NO_COMMON_BLOCKS = YES;
				GCC_OPTIMIZATION_LEVEL = 0;
				GCC_PREPROCESSOR_DEFINITIONS = (
					"DEBUG=1",
					"$(inherited)",
				);
				GCC_WARN_64_TO_32_BIT_CONVERSION = YES;
				GCC_WARN_ABOUT_RETURN_TYPE = YES_ERROR;
				GCC_WARN_UNDECLARED_SELECTOR = YES;
				GCC_WARN_UNINITIALIZED_AUTOS = YES_AGGRESSIVE;
				GCC_WARN_UNUSED_FUNCTION = YES;
				GCC_WARN_UNUSED_VARIABLE = YES;
				IPHONEOS_DEPLOYMENT_TARGET = 14.3;
				MTL_ENABLE_DEBUG_INFO = INCLUDE_SOURCE;
				MTL_FAST_MATH = YES;
				ONLY_ACTIVE_ARCH = YES;
				SDKROOT = iphoneos;
				SWIFT_ACTIVE_COMPILATION_CONDITIONS = DEBUG;
				SWIFT_OPTIMIZATION_LEVEL = "-Onone";
			};
			name = Debug;
		};
		AA2DB7012584424A00236188 /* Release */ = {
			isa = XCBuildConfiguration;
			buildSettings = {
				ALWAYS_SEARCH_USER_PATHS = NO;
				CLANG_ANALYZER_NONNULL = YES;
				CLANG_ANALYZER_NUMBER_OBJECT_CONVERSION = YES_AGGRESSIVE;
				CLANG_CXX_LANGUAGE_STANDARD = "gnu++14";
				CLANG_CXX_LIBRARY = "libc++";
				CLANG_ENABLE_MODULES = YES;
				CLANG_ENABLE_OBJC_ARC = YES;
				CLANG_ENABLE_OBJC_WEAK = YES;
				CLANG_WARN_BLOCK_CAPTURE_AUTORELEASING = YES;
				CLANG_WARN_BOOL_CONVERSION = YES;
				CLANG_WARN_COMMA = YES;
				CLANG_WARN_CONSTANT_CONVERSION = YES;
				CLANG_WARN_DEPRECATED_OBJC_IMPLEMENTATIONS = YES;
				CLANG_WARN_DIRECT_OBJC_ISA_USAGE = YES_ERROR;
				CLANG_WARN_DOCUMENTATION_COMMENTS = YES;
				CLANG_WARN_EMPTY_BODY = YES;
				CLANG_WARN_ENUM_CONVERSION = YES;
				CLANG_WARN_INFINITE_RECURSION = YES;
				CLANG_WARN_INT_CONVERSION = YES;
				CLANG_WARN_NON_LITERAL_NULL_CONVERSION = YES;
				CLANG_WARN_OBJC_IMPLICIT_RETAIN_SELF = YES;
				CLANG_WARN_OBJC_LITERAL_CONVERSION = YES;
				CLANG_WARN_OBJC_ROOT_CLASS = YES_ERROR;
				CLANG_WARN_QUOTED_INCLUDE_IN_FRAMEWORK_HEADER = YES;
				CLANG_WARN_RANGE_LOOP_ANALYSIS = YES;
				CLANG_WARN_STRICT_PROTOTYPES = YES;
				CLANG_WARN_SUSPICIOUS_MOVE = YES;
				CLANG_WARN_UNGUARDED_AVAILABILITY = YES_AGGRESSIVE;
				CLANG_WARN_UNREACHABLE_CODE = YES;
				CLANG_WARN__DUPLICATE_METHOD_MATCH = YES;
				COPY_PHASE_STRIP = NO;
				DEBUG_INFORMATION_FORMAT = "dwarf-with-dsym";
				ENABLE_NS_ASSERTIONS = NO;
				ENABLE_STRICT_OBJC_MSGSEND = YES;
				GCC_C_LANGUAGE_STANDARD = gnu11;
				GCC_NO_COMMON_BLOCKS = YES;
				GCC_WARN_64_TO_32_BIT_CONVERSION = YES;
				GCC_WARN_ABOUT_RETURN_TYPE = YES_ERROR;
				GCC_WARN_UNDECLARED_SELECTOR = YES;
				GCC_WARN_UNINITIALIZED_AUTOS = YES_AGGRESSIVE;
				GCC_WARN_UNUSED_FUNCTION = YES;
				GCC_WARN_UNUSED_VARIABLE = YES;
				IPHONEOS_DEPLOYMENT_TARGET = 14.3;
				MTL_ENABLE_DEBUG_INFO = NO;
				MTL_FAST_MATH = YES;
				SDKROOT = iphoneos;
				SWIFT_COMPILATION_MODE = wholemodule;
				SWIFT_OPTIMIZATION_LEVEL = "-O";
				VALIDATE_PRODUCT = YES;
			};
			name = Release;
		};
		AA2DB7032584424A00236188 /* Debug */ = {
			isa = XCBuildConfiguration;
			buildSettings = {
				ASSETCATALOG_COMPILER_APPICON_NAME = AppIcon;
				ASSETCATALOG_COMPILER_GLOBAL_ACCENT_COLOR_NAME = AccentColor;
				CODE_SIGN_STYLE = Automatic;
				DEVELOPMENT_ASSET_PATHS = "\"YardRemote/Preview Content\"";
				DEVELOPMENT_TEAM = L4YB8P25JQ;
				ENABLE_PREVIEWS = YES;
				INFOPLIST_FILE = YardRemote/Info.plist;
				IPHONEOS_DEPLOYMENT_TARGET = 14.0;
				LD_RUNPATH_SEARCH_PATHS = (
					"$(inherited)",
					"@executable_path/Frameworks",
				);
				PRODUCT_BUNDLE_IDENTIFIER = RLC.YardRemote;
				PRODUCT_NAME = "$(TARGET_NAME)";
				SWIFT_VERSION = 5.0;
				TARGETED_DEVICE_FAMILY = "1,2";
			};
			name = Debug;
		};
		AA2DB7042584424A00236188 /* Release */ = {
			isa = XCBuildConfiguration;
			buildSettings = {
				ASSETCATALOG_COMPILER_APPICON_NAME = AppIcon;
				ASSETCATALOG_COMPILER_GLOBAL_ACCENT_COLOR_NAME = AccentColor;
				CODE_SIGN_STYLE = Automatic;
				DEVELOPMENT_ASSET_PATHS = "\"YardRemote/Preview Content\"";
				DEVELOPMENT_TEAM = L4YB8P25JQ;
				ENABLE_PREVIEWS = YES;
				INFOPLIST_FILE = YardRemote/Info.plist;
				IPHONEOS_DEPLOYMENT_TARGET = 14.0;
				LD_RUNPATH_SEARCH_PATHS = (
					"$(inherited)",
					"@executable_path/Frameworks",
				);
				PRODUCT_BUNDLE_IDENTIFIER = RLC.YardRemote;
				PRODUCT_NAME = "$(TARGET_NAME)";
				SWIFT_VERSION = 5.0;
				TARGETED_DEVICE_FAMILY = "1,2";
			};
			name = Release;
		};
		AA2DB7062584424A00236188 /* Debug */ = {
			isa = XCBuildConfiguration;
			buildSettings = {
				ALWAYS_EMBED_SWIFT_STANDARD_LIBRARIES = YES;
				BUNDLE_LOADER = "$(TEST_HOST)";
				CODE_SIGN_STYLE = Automatic;
				DEVELOPMENT_TEAM = L4YB8P25JQ;
				INFOPLIST_FILE = YardRemoteTests/Info.plist;
				IPHONEOS_DEPLOYMENT_TARGET = 14.0;
				LD_RUNPATH_SEARCH_PATHS = (
					"$(inherited)",
					"@executable_path/Frameworks",
					"@loader_path/Frameworks",
				);
				PRODUCT_BUNDLE_IDENTIFIER = RLC.YardRemoteTests;
				PRODUCT_NAME = "$(TARGET_NAME)";
				SWIFT_VERSION = 5.0;
				TARGETED_DEVICE_FAMILY = "1,2";
				TEST_HOST = "$(BUILT_PRODUCTS_DIR)/YardRemote.app/YardRemote";
			};
			name = Debug;
		};
		AA2DB7072584424A00236188 /* Release */ = {
			isa = XCBuildConfiguration;
			buildSettings = {
				ALWAYS_EMBED_SWIFT_STANDARD_LIBRARIES = YES;
				BUNDLE_LOADER = "$(TEST_HOST)";
				CODE_SIGN_STYLE = Automatic;
				DEVELOPMENT_TEAM = L4YB8P25JQ;
				INFOPLIST_FILE = YardRemoteTests/Info.plist;
				IPHONEOS_DEPLOYMENT_TARGET = 14.0;
				LD_RUNPATH_SEARCH_PATHS = (
					"$(inherited)",
					"@executable_path/Frameworks",
					"@loader_path/Frameworks",
				);
				PRODUCT_BUNDLE_IDENTIFIER = RLC.YardRemoteTests;
				PRODUCT_NAME = "$(TARGET_NAME)";
				SWIFT_VERSION = 5.0;
				TARGETED_DEVICE_FAMILY = "1,2";
				TEST_HOST = "$(BUILT_PRODUCTS_DIR)/YardRemote.app/YardRemote";
			};
			name = Release;
		};
		AA2DB7092584424A00236188 /* Debug */ = {
			isa = XCBuildConfiguration;
			buildSettings = {
				ALWAYS_EMBED_SWIFT_STANDARD_LIBRARIES = YES;
				CODE_SIGN_STYLE = Automatic;
				DEVELOPMENT_TEAM = L4YB8P25JQ;
				INFOPLIST_FILE = YardRemoteUITests/Info.plist;
				LD_RUNPATH_SEARCH_PATHS = (
					"$(inherited)",
					"@executable_path/Frameworks",
					"@loader_path/Frameworks",
				);
				PRODUCT_BUNDLE_IDENTIFIER = RLC.YardRemoteUITests;
				PRODUCT_NAME = "$(TARGET_NAME)";
				SWIFT_VERSION = 5.0;
				TARGETED_DEVICE_FAMILY = "1,2";
				TEST_TARGET_NAME = YardRemote;
			};
			name = Debug;
		};
		AA2DB70A2584424A00236188 /* Release */ = {
			isa = XCBuildConfiguration;
			buildSettings = {
				ALWAYS_EMBED_SWIFT_STANDARD_LIBRARIES = YES;
				CODE_SIGN_STYLE = Automatic;
				DEVELOPMENT_TEAM = L4YB8P25JQ;
				INFOPLIST_FILE = YardRemoteUITests/Info.plist;
				LD_RUNPATH_SEARCH_PATHS = (
					"$(inherited)",
					"@executable_path/Frameworks",
					"@loader_path/Frameworks",
				);
				PRODUCT_BUNDLE_IDENTIFIER = RLC.YardRemoteUITests;
				PRODUCT_NAME = "$(TARGET_NAME)";
				SWIFT_VERSION = 5.0;
				TARGETED_DEVICE_FAMILY = "1,2";
				TEST_TARGET_NAME = YardRemote;
			};
			name = Release;
		};
/* End XCBuildConfiguration section */

/* Begin XCConfigurationList section */
		AA2DB6D82584424700236188 /* Build configuration list for PBXProject "YardRemote" */ = {
			isa = XCConfigurationList;
			buildConfigurations = (
				AA2DB7002584424A00236188 /* Debug */,
				AA2DB7012584424A00236188 /* Release */,
			);
			defaultConfigurationIsVisible = 0;
			defaultConfigurationName = Release;
		};
		AA2DB7022584424A00236188 /* Build configuration list for PBXNativeTarget "YardRemote" */ = {
			isa = XCConfigurationList;
			buildConfigurations = (
				AA2DB7032584424A00236188 /* Debug */,
				AA2DB7042584424A00236188 /* Release */,
			);
			defaultConfigurationIsVisible = 0;
			defaultConfigurationName = Release;
		};
		AA2DB7052584424A00236188 /* Build configuration list for PBXNativeTarget "YardRemoteTests" */ = {
			isa = XCConfigurationList;
			buildConfigurations = (
				AA2DB7062584424A00236188 /* Debug */,
				AA2DB7072584424A00236188 /* Release */,
			);
			defaultConfigurationIsVisible = 0;
			defaultConfigurationName = Release;
		};
		AA2DB7082584424A00236188 /* Build configuration list for PBXNativeTarget "YardRemoteUITests" */ = {
			isa = XCConfigurationList;
			buildConfigurations = (
				AA2DB7092584424A00236188 /* Debug */,
				AA2DB70A2584424A00236188 /* Release */,
			);
			defaultConfigurationIsVisible = 0;
			defaultConfigurationName = Release;
		};
/* End XCConfigurationList section */
	};
	rootObject = AA2DB6D52584424700236188 /* Project object */;
}
